
Microsoft Visual Studio Solution File, Format Version 12.00
# Visual Studio Version 17
VisualStudioVersion = 17.4.33213.308
MinimumVisualStudioVersion = 10.0.40219.1
Project("{FAE04EC0-301F-11D3-BF4B-00C04F79EFBC}") = "InfobridgeProject", "InfobridgeProject\InfobridgeProject.csproj", "{21782531-8CE2-46DF-B2C5-847CA247AF26}"
EndProject
Global
	GlobalSection(SolutionConfigurationPlatforms) = preSolution
		Debug|Any CPU = Debug|Any CPU
		Release|Any CPU = Release|Any CPU
	EndGlobalSection
	GlobalSection(ProjectConfigurationPlatforms) = postSolution
		{21782531-8CE2-46DF-B2C5-847CA247AF26}.Debug|Any CPU.ActiveCfg = Debug|Any CPU
		{21782531-8CE2-46DF-B2C5-847CA247AF26}.Debug|Any CPU.Build.0 = Debug|Any CPU
		{21782531-8CE2-46DF-B2C5-847CA247AF26}.Release|Any CPU.ActiveCfg = Release|Any CPU
		{21782531-8CE2-46DF-B2C5-847CA247AF26}.Release|Any CPU.Build.0 = Release|Any CPU
	EndGlobalSection
	GlobalSection(SolutionProperties) = preSolution
		HideSolutionNode = FALSE
	EndGlobalSection
	GlobalSection(ExtensibilityGlobals) = postSolution
		SolutionGuid = {98F61B25-291D-4A24-8E85-72E872009D66}
	EndGlobalSection
EndGlobal
